
Microsoft Visual Studio Solution File, Format Version 12.00
# Visual Studio 15
VisualStudioVersion = 15.0.26730.8
MinimumVisualStudioVersion = 10.0.40219.1
Project("{8BC9CEB8-8B4A-11D0-8D11-00A0C91BC942}") = "CppFactory", "CppFactory\CppFactory.vcxproj", "{C9BB7DFA-FCD9-4FAF-8EF8-643510BBACF2}"
EndProject
Project("{8BC9CEB8-8B4A-11D0-8D11-00A0C91BC942}") = "CppFactory.UnitTests", "CppFactory.UnitTests\CppFactory.UnitTests.vcxproj", "{74B234AC-3F61-4034-A075-E6109E950655}"
EndProject
Global
	GlobalSection(SolutionConfigurationPlatforms) = preSolution
		Debug|x64 = Debug|x64
		Debug|x86 = Debug|x86
		Release|x64 = Release|x64
		Release|x86 = Release|x86
	EndGlobalSection
	GlobalSection(ProjectConfigurationPlatforms) = postSolution
		{C9BB7DFA-FCD9-4FAF-8EF8-643510BBACF2}.Debug|x64.ActiveCfg = Debug|x64
		{C9BB7DFA-FCD9-4FAF-8EF8-643510BBACF2}.Debug|x64.Build.0 = Debug|x64
		{C9BB7DFA-FCD9-4FAF-8EF8-643510BBACF2}.Debug|x86.ActiveCfg = Debug|Win32
		{C9BB7DFA-FCD9-4FAF-8EF8-643510BBACF2}.Debug|x86.Build.0 = Debug|Win32
		{C9BB7DFA-FCD9-4FAF-8EF8-643510BBACF2}.Release|x64.ActiveCfg = Release|x64
		{C9BB7DFA-FCD9-4FAF-8EF8-643510BBACF2}.Release|x64.Build.0 = Release|x64
		{C9BB7DFA-FCD9-4FAF-8EF8-643510BBACF2}.Release|x86.ActiveCfg = Release|Win32
		{C9BB7DFA-FCD9-4FAF-8EF8-643510BBACF2}.Release|x86.Build.0 = Release|Win32
		{74B234AC-3F61-4034-A075-E6109E950655}.Debug|x64.ActiveCfg = Debug|x64
		{74B234AC-3F61-4034-A075-E6109E950655}.Debug|x64.Build.0 = Debug|x64
		{74B234AC-3F61-4034-A075-E6109E950655}.Debug|x86.ActiveCfg = Debug|Win32
		{74B234AC-3F61-4034-A075-E6109E950655}.Debug|x86.Build.0 = Debug|Win32
		{74B234AC-3F61-4034-A075-E6109E950655}.Release|x64.ActiveCfg = Release|x64
		{74B234AC-3F61-4034-A075-E6109E950655}.Release|x64.Build.0 = Release|x64
		{74B234AC-3F61-4034-A075-E6109E950655}.Release|x86.ActiveCfg = Release|Win32
		{74B234AC-3F61-4034-A075-E6109E950655}.Release|x86.Build.0 = Release|Win32
	EndGlobalSection
	GlobalSection(SolutionProperties) = preSolution
		HideSolutionNode = FALSE
	EndGlobalSection
	GlobalSection(ExtensibilityGlobals) = postSolution
		SolutionGuid = {AAC97D4F-D934-41C3-855D-2EC1A6925321}
	EndGlobalSection
EndGlobal
